
Microsoft Visual Studio Solution File, Format Version 12.00
# Visual Studio Version 17
VisualStudioVersion = 17.5.33530.505
MinimumVisualStudioVersion = 10.0.40219.1
Project("{FAE04EC0-301F-11D3-BF4B-00C04F79EFBC}") = "EPAM_INRT_Program", "EPAM_INRT_Program\EPAM_INRT_Program.csproj", "{DCE6164D-AF2B-47FB-B447-51BAFC4A0B4F}"
EndProject
Project("{FAE04EC0-301F-11D3-BF4B-00C04F79EFBC}") = "API_Automation", "API_Automation\API_Automation\API_Automation.csproj", "{BA0B0A09-A8D1-4D0D-B6FD-22A800CA4490}"
EndProject
Global
	GlobalSection(SolutionConfigurationPlatforms) = preSolution
		Debug|Any CPU = Debug|Any CPU
		Release|Any CPU = Release|Any CPU
	EndGlobalSection
	GlobalSection(ProjectConfigurationPlatforms) = postSolution
		{DCE6164D-AF2B-47FB-B447-51BAFC4A0B4F}.Debug|Any CPU.ActiveCfg = Debug|Any CPU
		{DCE6164D-AF2B-47FB-B447-51BAFC4A0B4F}.Debug|Any CPU.Build.0 = Debug|Any CPU
		{DCE6164D-AF2B-47FB-B447-51BAFC4A0B4F}.Release|Any CPU.ActiveCfg = Release|Any CPU
		{DCE6164D-AF2B-47FB-B447-51BAFC4A0B4F}.Release|Any CPU.Build.0 = Release|Any CPU
		{BA0B0A09-A8D1-4D0D-B6FD-22A800CA4490}.Debug|Any CPU.ActiveCfg = Debug|Any CPU
		{BA0B0A09-A8D1-4D0D-B6FD-22A800CA4490}.Debug|Any CPU.Build.0 = Debug|Any CPU
		{BA0B0A09-A8D1-4D0D-B6FD-22A800CA4490}.Release|Any CPU.ActiveCfg = Release|Any CPU
		{BA0B0A09-A8D1-4D0D-B6FD-22A800CA4490}.Release|Any CPU.Build.0 = Release|Any CPU
	EndGlobalSection
	GlobalSection(SolutionProperties) = preSolution
		HideSolutionNode = FALSE
	EndGlobalSection
	GlobalSection(ExtensibilityGlobals) = postSolution
		SolutionGuid = {D41B7E30-00D3-4BF7-91E5-CFB95F95B689}
	EndGlobalSection
EndGlobal
